# This is a Gradle generated file for dependency locking.
# Manual edits can break the build and are not advised.
# This file is expected to be part of source control.
com.android.tools.build:apksig:8.0.2=compileClasspath
com.android.tools.build:apkzlib:8.0.2=compileClasspath
com.android.tools.build:builder-model:8.0.2=compileClasspath
com.android.tools.build:builder:8.0.2=compileClasspath
com.android.tools.build:gradle-api:8.0.2=compileClasspath
com.android.tools.build:gradle:8.0.2=compileClasspath
com.android.tools.build:manifest-merger:31.0.2=compileClasspath
com.android:zipflinger:8.0.2=compileClasspath
com.squareup:javawriter:2.5.0=compileClasspath
org.jetbrains.intellij.deps:trove4j:1.0.20200330=kotlinBuildToolsApiClasspath,kotlinCompilerClasspath
org.jetbrains.kotlin:kotlin-assignment-compiler-plugin-embeddable:2.0.21=kotlinCompilerPluginClasspathMain
org.jetbrains.kotlin:kotlin-build-common:2.0.21=kotlinBuildToolsApiClasspath
org.jetbrains.kotlin:kotlin-build-tools-api:2.0.21=kotlinBuildToolsApiClasspath
org.jetbrains.kotlin:kotlin-build-tools-api:2.1.10=compileClasspath
org.jetbrains.kotlin:kotlin-build-tools-impl:2.0.21=kotlinBuildToolsApiClasspath
org.jetbrains.kotlin:kotlin-compiler-embeddable:2.0.21=kotlinBuildToolsApiClasspath,kotlinCompilerClasspath
org.jetbrains.kotlin:kotlin-compiler-runner:2.0.21=kotlinBuildToolsApiClasspath
org.jetbrains.kotlin:kotlin-daemon-client:2.0.21=kotlinBuildToolsApiClasspath
org.jetbrains.kotlin:kotlin-daemon-embeddable:2.0.21=kotlinBuildToolsApiClasspath,kotlinCompilerClasspath
org.jetbrains.kotlin:kotlin-gradle-plugin-annotations:2.1.10=compileClasspath
org.jetbrains.kotlin:kotlin-gradle-plugin-api:2.1.10=compileClasspath
org.jetbrains.kotlin:kotlin-gradle-plugin-model:2.1.10=compileClasspath
org.jetbrains.kotlin:kotlin-gradle-plugin:2.1.10=compileClasspath
org.jetbrains.kotlin:kotlin-gradle-plugins-bom:2.1.10=compileClasspath
org.jetbrains.kotlin:kotlin-native-utils:2.1.10=compileClasspath
org.jetbrains.kotlin:kotlin-reflect:1.6.10=kotlinBuildToolsApiClasspath,kotlinCompilerClasspath
org.jetbrains.kotlin:kotlin-reflect:2.0.21=compileClasspath
org.jetbrains.kotlin:kotlin-sam-with-receiver-compiler-plugin-embeddable:2.0.21=kotlinCompilerPluginClasspathMain
org.jetbrains.kotlin:kotlin-script-runtime:2.0.21=kotlinBuildToolsApiClasspath,kotlinCompilerClasspath,kotlinCompilerPluginClasspathMain
org.jetbrains.kotlin:kotlin-scripting-common:2.0.21=kotlinBuildToolsApiClasspath,kotlinCompilerPluginClasspathMain
org.jetbrains.kotlin:kotlin-scripting-compiler-embeddable:2.0.21=kotlinBuildToolsApiClasspath,kotlinCompilerPluginClasspathMain
org.jetbrains.kotlin:kotlin-scripting-compiler-impl-embeddable:2.0.21=kotlinBuildToolsApiClasspath,kotlinCompilerPluginClasspathMain
org.jetbrains.kotlin:kotlin-scripting-jvm:2.0.21=kotlinBuildToolsApiClasspath,kotlinCompilerPluginClasspathMain
org.jetbrains.kotlin:kotlin-stdlib:2.0.21=compileClasspath,kotlinBuildToolsApiClasspath,kotlinCompilerClasspath,kotlinCompilerPluginClasspathMain
org.jetbrains.kotlin:kotlin-tooling-core:2.1.10=compileClasspath
org.jetbrains.kotlin:kotlin-util-io:2.1.10=compileClasspath
org.jetbrains.kotlinx:kotlinx-coroutines-core-jvm:1.6.4=kotlinBuildToolsApiClasspath,kotlinCompilerClasspath
org.jetbrains:annotations:13.0=compileClasspath,kotlinBuildToolsApiClasspath,kotlinCompilerClasspath,kotlinCompilerPluginClasspathMain
org.ow2.asm:asm:9.2=compileClasspath
empty=annotationProcessor,kotlinScriptDefExtensions
