# This is a Gradle generated file for dependency locking.
# Manual edits can break the build and are not advised.
# This file is expected to be part of source control.
ch.qos.logback:logback-classic:1.4.11=compileClasspath,productionRuntimeClasspath,runtimeClasspath,testCompileClasspath,testRuntimeClasspath
ch.qos.logback:logback-core:1.4.11=compileClasspath,productionRuntimeClasspath,runtimeClasspath,testCompileClasspath,testRuntimeClasspath
com.fasterxml.jackson.core:jackson-annotations:2.15.3=compileClasspath,dokkaGfmPartialPlugin,dokkaGfmPartialRuntime,dokkaGfmPlugin,dokkaGfmRuntime,dokkaHtmlPartialPlugin,dokkaHtmlPartialRuntime,dokkaHtmlPlugin,dokkaHtmlRuntime,dokkaJavadocPartialPlugin,dokkaJavadocPartialRuntime,dokkaJavadocPlugin,dokkaJavadocRuntime,dokkaJekyllPartialPlugin,dokkaJekyllPartialRuntime,dokkaJekyllPlugin,dokkaJekyllRuntime,productionRuntimeClasspath,runtimeClasspath,testCompileClasspath,testRuntimeClasspath
com.fasterxml.jackson.core:jackson-core:2.15.3=compileClasspath,dokkaGfmPartialPlugin,dokkaGfmPartialRuntime,dokkaGfmPlugin,dokkaGfmRuntime,dokkaHtmlPartialPlugin,dokkaHtmlPartialRuntime,dokkaHtmlPlugin,dokkaHtmlRuntime,dokkaJavadocPartialPlugin,dokkaJavadocPartialRuntime,dokkaJavadocPlugin,dokkaJavadocRuntime,dokkaJekyllPartialPlugin,dokkaJekyllPartialRuntime,dokkaJekyllPlugin,dokkaJekyllRuntime,productionRuntimeClasspath,runtimeClasspath,testCompileClasspath,testRuntimeClasspath
com.fasterxml.jackson.core:jackson-databind:2.15.3=compileClasspath,dokkaGfmPartialPlugin,dokkaGfmPartialRuntime,dokkaGfmPlugin,dokkaGfmRuntime,dokkaHtmlPartialPlugin,dokkaHtmlPartialRuntime,dokkaHtmlPlugin,dokkaHtmlRuntime,dokkaJavadocPartialPlugin,dokkaJavadocPartialRuntime,dokkaJavadocPlugin,dokkaJavadocRuntime,dokkaJekyllPartialPlugin,dokkaJekyllPartialRuntime,dokkaJekyllPlugin,dokkaJekyllRuntime,productionRuntimeClasspath,runtimeClasspath,testCompileClasspath,testRuntimeClasspath
com.fasterxml.jackson.dataformat:jackson-dataformat-xml:2.15.3=dokkaGfmPartialRuntime,dokkaGfmRuntime,dokkaHtmlPartialRuntime,dokkaHtmlRuntime,dokkaJavadocPartialRuntime,dokkaJavadocRuntime,dokkaJekyllPartialRuntime,dokkaJekyllRuntime
com.fasterxml.jackson.datatype:jackson-datatype-jdk8:2.15.3=compileClasspath,productionRuntimeClasspath,runtimeClasspath,testCompileClasspath,testRuntimeClasspath
com.fasterxml.jackson.datatype:jackson-datatype-jsr310:2.15.3=compileClasspath,productionRuntimeClasspath,runtimeClasspath,testCompileClasspath,testRuntimeClasspath
com.fasterxml.jackson.module:jackson-module-kotlin:2.15.3=dokkaGfmPartialPlugin,dokkaGfmPartialRuntime,dokkaGfmPlugin,dokkaGfmRuntime,dokkaHtmlPartialPlugin,dokkaHtmlPartialRuntime,dokkaHtmlPlugin,dokkaHtmlRuntime,dokkaJavadocPartialPlugin,dokkaJavadocPartialRuntime,dokkaJavadocPlugin,dokkaJavadocRuntime,dokkaJekyllPartialPlugin,dokkaJekyllPartialRuntime,dokkaJekyllPlugin,dokkaJekyllRuntime
com.fasterxml.jackson.module:jackson-module-parameter-names:2.15.3=compileClasspath,productionRuntimeClasspath,runtimeClasspath,testCompileClasspath,testRuntimeClasspath
com.fasterxml.jackson:jackson-bom:2.15.3=compileClasspath,dokkaGfmPartialPlugin,dokkaGfmPartialRuntime,dokkaGfmPlugin,dokkaGfmRuntime,dokkaHtmlPartialPlugin,dokkaHtmlPartialRuntime,dokkaHtmlPlugin,dokkaHtmlRuntime,dokkaJavadocPartialPlugin,dokkaJavadocPartialRuntime,dokkaJavadocPlugin,dokkaJavadocRuntime,dokkaJekyllPartialPlugin,dokkaJekyllPartialRuntime,dokkaJekyllPlugin,dokkaJekyllRuntime,productionRuntimeClasspath,runtimeClasspath,testCompileClasspath,testRuntimeClasspath
com.fasterxml.woodstox:woodstox-core:6.5.1=dokkaGfmPartialRuntime,dokkaGfmRuntime,dokkaHtmlPartialRuntime,dokkaHtmlRuntime,dokkaJavadocPartialRuntime,dokkaJavadocRuntime,dokkaJekyllPartialRuntime,dokkaJekyllRuntime
com.google.code.gson:gson:2.10.1=productionRuntimeClasspath,runtimeClasspath,testRuntimeClasspath
com.jayway.jsonpath:json-path:2.8.0=testCompileClasspath,testRuntimeClasspath
com.squareup.okhttp3:okhttp-bom:4.12.0=productionRuntimeClasspath,runtimeClasspath,testRuntimeClasspath
com.squareup.okhttp3:okhttp:4.12.0=productionRuntimeClasspath,runtimeClasspath,testRuntimeClasspath
com.squareup.okio:okio-jvm:3.6.0=productionRuntimeClasspath,runtimeClasspath,testRuntimeClasspath
com.squareup.okio:okio:3.6.0=productionRuntimeClasspath,runtimeClasspath,testRuntimeClasspath
com.vaadin.external.google:android-json:0.0.20131108.vaadin1=testCompileClasspath,testRuntimeClasspath
io.micrometer:micrometer-commons:1.12.0=compileClasspath,productionRuntimeClasspath,runtimeClasspath,testCompileClasspath,testRuntimeClasspath
io.micrometer:micrometer-observation:1.12.0=compileClasspath,productionRuntimeClasspath,runtimeClasspath,testCompileClasspath,testRuntimeClasspath
it.unimi.dsi:fastutil-core:8.5.12=dokkaGfmPartialPlugin,dokkaGfmPlugin,dokkaHtmlPartialPlugin,dokkaHtmlPlugin,dokkaJavadocPartialPlugin,dokkaJavadocPlugin,dokkaJekyllPartialPlugin,dokkaJekyllPlugin
jakarta.activation:jakarta.activation-api:2.1.2=testCompileClasspath,testRuntimeClasspath
jakarta.annotation:jakarta.annotation-api:2.1.1=compileClasspath,productionRuntimeClasspath,runtimeClasspath,testCompileClasspath,testRuntimeClasspath
jakarta.xml.bind:jakarta.xml.bind-api:4.0.1=testCompileClasspath,testRuntimeClasspath
net.bytebuddy:byte-buddy-agent:1.14.10=testCompileClasspath,testRuntimeClasspath
net.bytebuddy:byte-buddy:1.14.10=testCompileClasspath,testRuntimeClasspath
net.minidev:accessors-smart:2.5.0=testCompileClasspath,testRuntimeClasspath
net.minidev:json-smart:2.5.0=testCompileClasspath,testRuntimeClasspath
org.apache.logging.log4j:log4j-api:2.21.1=compileClasspath,productionRuntimeClasspath,runtimeClasspath,testCompileClasspath,testRuntimeClasspath
org.apache.logging.log4j:log4j-to-slf4j:2.21.1=compileClasspath,productionRuntimeClasspath,runtimeClasspath,testCompileClasspath,testRuntimeClasspath
org.apache.tomcat.embed:tomcat-embed-core:10.1.16=compileClasspath,productionRuntimeClasspath,runtimeClasspath,testCompileClasspath,testRuntimeClasspath
org.apache.tomcat.embed:tomcat-embed-el:10.1.16=compileClasspath,productionRuntimeClasspath,runtimeClasspath,testCompileClasspath,testRuntimeClasspath
org.apache.tomcat.embed:tomcat-embed-websocket:10.1.16=compileClasspath,productionRuntimeClasspath,runtimeClasspath,testCompileClasspath,testRuntimeClasspath
org.apiguardian:apiguardian-api:1.1.2=testCompileClasspath
org.assertj:assertj-core:3.24.2=testCompileClasspath,testRuntimeClasspath
org.awaitility:awaitility:4.2.0=testCompileClasspath,testRuntimeClasspath
org.codehaus.woodstox:stax2-api:4.2.1=dokkaGfmPartialRuntime,dokkaGfmRuntime,dokkaHtmlPartialRuntime,dokkaHtmlRuntime,dokkaJavadocPartialRuntime,dokkaJavadocRuntime,dokkaJekyllPartialRuntime,dokkaJekyllRuntime
org.freemarker:freemarker:2.3.32=dokkaGfmPartialPlugin,dokkaGfmPlugin,dokkaHtmlPartialPlugin,dokkaHtmlPlugin,dokkaJavadocPartialPlugin,dokkaJavadocPlugin,dokkaJekyllPartialPlugin,dokkaJekyllPlugin
org.hamcrest:hamcrest:2.2=testCompileClasspath,testRuntimeClasspath
org.jetbrains.dokka:analysis-kotlin-descriptors:1.9.20=dokkaGfmPartialPlugin,dokkaGfmPlugin,dokkaHtmlPartialPlugin,dokkaHtmlPlugin,dokkaJavadocPartialPlugin,dokkaJavadocPlugin,dokkaJekyllPartialPlugin,dokkaJekyllPlugin
org.jetbrains.dokka:analysis-markdown:1.9.20=dokkaGfmPartialPlugin,dokkaGfmPlugin,dokkaHtmlPartialPlugin,dokkaHtmlPlugin,dokkaJavadocPartialPlugin,dokkaJavadocPlugin,dokkaJekyllPartialPlugin,dokkaJekyllPlugin
org.jetbrains.dokka:dokka-base:1.9.20=dokkaGfmPartialPlugin,dokkaGfmPlugin,dokkaHtmlPartialPlugin,dokkaHtmlPlugin,dokkaJavadocPartialPlugin,dokkaJavadocPlugin,dokkaJekyllPartialPlugin,dokkaJekyllPlugin
org.jetbrains.dokka:dokka-core:1.9.20=dokkaGfmPartialRuntime,dokkaGfmRuntime,dokkaHtmlPartialRuntime,dokkaHtmlRuntime,dokkaJavadocPartialRuntime,dokkaJavadocRuntime,dokkaJekyllPartialRuntime,dokkaJekyllRuntime
org.jetbrains.kotlin:kotlin-reflect:1.9.20=dokkaGfmPartialPlugin,dokkaGfmPartialRuntime,dokkaGfmPlugin,dokkaGfmRuntime,dokkaHtmlPartialPlugin,dokkaHtmlPartialRuntime,dokkaHtmlPlugin,dokkaHtmlRuntime,dokkaJavadocPartialPlugin,dokkaJavadocPartialRuntime,dokkaJavadocPlugin,dokkaJavadocRuntime,dokkaJekyllPartialPlugin,dokkaJekyllPartialRuntime,dokkaJekyllPlugin,dokkaJekyllRuntime
org.jetbrains.kotlin:kotlin-stdlib-common:1.9.20=dokkaGfmPartialPlugin,dokkaGfmPartialRuntime,dokkaGfmPlugin,dokkaGfmRuntime,dokkaHtmlPartialPlugin,dokkaHtmlPartialRuntime,dokkaHtmlPlugin,dokkaHtmlRuntime,dokkaJavadocPartialPlugin,dokkaJavadocPartialRuntime,dokkaJavadocPlugin,dokkaJavadocRuntime,dokkaJekyllPartialPlugin,dokkaJekyllPartialRuntime,dokkaJekyllPlugin,dokkaJekyllRuntime,productionRuntimeClasspath,runtimeClasspath,testRuntimeClasspath
org.jetbrains.kotlin:kotlin-stdlib-jdk7:1.9.20=dokkaGfmPartialPlugin,dokkaGfmPartialRuntime,dokkaGfmPlugin,dokkaGfmRuntime,dokkaHtmlPartialPlugin,dokkaHtmlPartialRuntime,dokkaHtmlPlugin,dokkaHtmlRuntime,dokkaJavadocPartialPlugin,dokkaJavadocPartialRuntime,dokkaJavadocPlugin,dokkaJavadocRuntime,dokkaJekyllPartialPlugin,dokkaJekyllPartialRuntime,dokkaJekyllPlugin,dokkaJekyllRuntime,productionRuntimeClasspath,runtimeClasspath,testRuntimeClasspath
org.jetbrains.kotlin:kotlin-stdlib-jdk8:1.9.20=dokkaGfmPartialPlugin,dokkaGfmPartialRuntime,dokkaGfmPlugin,dokkaGfmRuntime,dokkaHtmlPartialPlugin,dokkaHtmlPartialRuntime,dokkaHtmlPlugin,dokkaHtmlRuntime,dokkaJavadocPartialPlugin,dokkaJavadocPartialRuntime,dokkaJavadocPlugin,dokkaJavadocRuntime,dokkaJekyllPartialPlugin,dokkaJekyllPartialRuntime,dokkaJekyllPlugin,dokkaJekyllRuntime,productionRuntimeClasspath,runtimeClasspath,testRuntimeClasspath
org.jetbrains.kotlin:kotlin-stdlib:1.9.20=dokkaGfmPartialPlugin,dokkaGfmPartialRuntime,dokkaGfmPlugin,dokkaGfmRuntime,dokkaHtmlPartialPlugin,dokkaHtmlPartialRuntime,dokkaHtmlPlugin,dokkaHtmlRuntime,dokkaJavadocPartialPlugin,dokkaJavadocPartialRuntime,dokkaJavadocPlugin,dokkaJavadocRuntime,dokkaJekyllPartialPlugin,dokkaJekyllPartialRuntime,dokkaJekyllPlugin,dokkaJekyllRuntime,productionRuntimeClasspath,runtimeClasspath,testRuntimeClasspath
org.jetbrains.kotlinx:kotlinx-coroutines-bom:1.7.3=dokkaGfmPartialPlugin,dokkaGfmPartialRuntime,dokkaGfmPlugin,dokkaGfmRuntime,dokkaHtmlPartialPlugin,dokkaHtmlPartialRuntime,dokkaHtmlPlugin,dokkaHtmlRuntime,dokkaJavadocPartialPlugin,dokkaJavadocPartialRuntime,dokkaJavadocPlugin,dokkaJavadocRuntime,dokkaJekyllPartialPlugin,dokkaJekyllPartialRuntime,dokkaJekyllPlugin,dokkaJekyllRuntime
org.jetbrains.kotlinx:kotlinx-coroutines-core-jvm:1.7.3=dokkaGfmPartialPlugin,dokkaGfmPartialRuntime,dokkaGfmPlugin,dokkaGfmRuntime,dokkaHtmlPartialPlugin,dokkaHtmlPartialRuntime,dokkaHtmlPlugin,dokkaHtmlRuntime,dokkaJavadocPartialPlugin,dokkaJavadocPartialRuntime,dokkaJavadocPlugin,dokkaJavadocRuntime,dokkaJekyllPartialPlugin,dokkaJekyllPartialRuntime,dokkaJekyllPlugin,dokkaJekyllRuntime
org.jetbrains.kotlinx:kotlinx-coroutines-core:1.7.3=dokkaGfmPartialPlugin,dokkaGfmPartialRuntime,dokkaGfmPlugin,dokkaGfmRuntime,dokkaHtmlPartialPlugin,dokkaHtmlPartialRuntime,dokkaHtmlPlugin,dokkaHtmlRuntime,dokkaJavadocPartialPlugin,dokkaJavadocPartialRuntime,dokkaJavadocPlugin,dokkaJavadocRuntime,dokkaJekyllPartialPlugin,dokkaJekyllPartialRuntime,dokkaJekyllPlugin,dokkaJekyllRuntime
org.jetbrains.kotlinx:kotlinx-html-jvm:0.9.1=dokkaGfmPartialPlugin,dokkaGfmPlugin,dokkaHtmlPartialPlugin,dokkaHtmlPlugin,dokkaJavadocPartialPlugin,dokkaJavadocPlugin,dokkaJekyllPartialPlugin,dokkaJekyllPlugin
org.jetbrains:annotations:13.0=productionRuntimeClasspath,runtimeClasspath,testRuntimeClasspath
org.jetbrains:annotations:23.0.0=dokkaGfmPartialPlugin,dokkaGfmPartialRuntime,dokkaGfmPlugin,dokkaGfmRuntime,dokkaHtmlPartialPlugin,dokkaHtmlPartialRuntime,dokkaHtmlPlugin,dokkaHtmlRuntime,dokkaJavadocPartialPlugin,dokkaJavadocPartialRuntime,dokkaJavadocPlugin,dokkaJavadocRuntime,dokkaJekyllPartialPlugin,dokkaJekyllPartialRuntime,dokkaJekyllPlugin,dokkaJekyllRuntime
org.jetbrains:markdown-jvm:0.5.2=dokkaGfmPartialPlugin,dokkaGfmPlugin,dokkaHtmlPartialPlugin,dokkaHtmlPlugin,dokkaJavadocPartialPlugin,dokkaJavadocPlugin,dokkaJekyllPartialPlugin,dokkaJekyllPlugin
org.jetbrains:markdown:0.5.2=dokkaGfmPartialPlugin,dokkaGfmPlugin,dokkaHtmlPartialPlugin,dokkaHtmlPlugin,dokkaJavadocPartialPlugin,dokkaJavadocPlugin,dokkaJekyllPartialPlugin,dokkaJekyllPlugin
org.jsoup:jsoup:1.16.1=dokkaGfmPartialPlugin,dokkaGfmPlugin,dokkaHtmlPartialPlugin,dokkaHtmlPlugin,dokkaJavadocPartialPlugin,dokkaJavadocPlugin,dokkaJekyllPartialPlugin,dokkaJekyllPlugin
org.junit.jupiter:junit-jupiter-api:5.10.1=testCompileClasspath,testRuntimeClasspath
org.junit.jupiter:junit-jupiter-engine:5.10.1=testRuntimeClasspath
org.junit.jupiter:junit-jupiter-params:5.10.1=testCompileClasspath,testRuntimeClasspath
org.junit.jupiter:junit-jupiter:5.10.1=testCompileClasspath,testRuntimeClasspath
org.junit.platform:junit-platform-commons:1.10.1=testCompileClasspath,testRuntimeClasspath
org.junit.platform:junit-platform-engine:1.10.1=testRuntimeClasspath
org.junit:junit-bom:5.10.1=testCompileClasspath,testRuntimeClasspath
org.mockito:mockito-core:5.7.0=testCompileClasspath,testRuntimeClasspath
org.mockito:mockito-junit-jupiter:5.7.0=testCompileClasspath,testRuntimeClasspath
org.objenesis:objenesis:3.3=testRuntimeClasspath
org.opentest4j:opentest4j:1.3.0=testCompileClasspath,testRuntimeClasspath
org.ow2.asm:asm-tree:9.6=bcv-rt-jvm-cp-resolver
org.ow2.asm:asm:9.3=testCompileClasspath,testRuntimeClasspath
org.ow2.asm:asm:9.6=bcv-rt-jvm-cp-resolver
org.skyscreamer:jsonassert:1.5.1=testCompileClasspath,testRuntimeClasspath
org.slf4j:jul-to-slf4j:2.0.9=compileClasspath,productionRuntimeClasspath,runtimeClasspath,testCompileClasspath,testRuntimeClasspath
org.slf4j:slf4j-api:2.0.9=compileClasspath,productionRuntimeClasspath,runtimeClasspath,testCompileClasspath,testRuntimeClasspath
org.springframework.boot:spring-boot-autoconfigure:3.2.0=compileClasspath,productionRuntimeClasspath,runtimeClasspath,testCompileClasspath,testRuntimeClasspath
org.springframework.boot:spring-boot-starter-json:3.2.0=compileClasspath,productionRuntimeClasspath,runtimeClasspath,testCompileClasspath,testRuntimeClasspath
org.springframework.boot:spring-boot-starter-logging:3.2.0=compileClasspath,productionRuntimeClasspath,runtimeClasspath,testCompileClasspath,testRuntimeClasspath
org.springframework.boot:spring-boot-starter-test:3.2.0=testCompileClasspath,testRuntimeClasspath
org.springframework.boot:spring-boot-starter-tomcat:3.2.0=compileClasspath,productionRuntimeClasspath,runtimeClasspath,testCompileClasspath,testRuntimeClasspath
org.springframework.boot:spring-boot-starter-web:3.2.0=compileClasspath,productionRuntimeClasspath,runtimeClasspath,testCompileClasspath,testRuntimeClasspath
org.springframework.boot:spring-boot-starter:3.2.0=compileClasspath,productionRuntimeClasspath,runtimeClasspath,testCompileClasspath,testRuntimeClasspath
org.springframework.boot:spring-boot-test-autoconfigure:3.2.0=testCompileClasspath,testRuntimeClasspath
org.springframework.boot:spring-boot-test:3.2.0=testCompileClasspath,testRuntimeClasspath
org.springframework.boot:spring-boot:3.2.0=compileClasspath,productionRuntimeClasspath,runtimeClasspath,testCompileClasspath,testRuntimeClasspath
org.springframework:spring-aop:6.1.1=compileClasspath,productionRuntimeClasspath,runtimeClasspath,testCompileClasspath,testRuntimeClasspath
org.springframework:spring-beans:6.1.1=compileClasspath,productionRuntimeClasspath,runtimeClasspath,testCompileClasspath,testRuntimeClasspath
org.springframework:spring-context:6.1.1=compileClasspath,productionRuntimeClasspath,runtimeClasspath,testCompileClasspath,testRuntimeClasspath
org.springframework:spring-core:6.1.1=compileClasspath,productionRuntimeClasspath,runtimeClasspath,testCompileClasspath,testRuntimeClasspath
org.springframework:spring-expression:6.1.1=compileClasspath,productionRuntimeClasspath,runtimeClasspath,testCompileClasspath,testRuntimeClasspath
org.springframework:spring-jcl:6.1.1=compileClasspath,productionRuntimeClasspath,runtimeClasspath,testCompileClasspath,testRuntimeClasspath
org.springframework:spring-test:6.1.1=testCompileClasspath,testRuntimeClasspath
org.springframework:spring-web:6.1.1=compileClasspath,productionRuntimeClasspath,runtimeClasspath,testCompileClasspath,testRuntimeClasspath
org.springframework:spring-webmvc:6.1.1=compileClasspath,productionRuntimeClasspath,runtimeClasspath,testCompileClasspath,testRuntimeClasspath
org.xmlunit:xmlunit-core:2.9.1=testCompileClasspath,testRuntimeClasspath
org.yaml:snakeyaml:2.2=compileClasspath,productionRuntimeClasspath,runtimeClasspath,testCompileClasspath,testRuntimeClasspath
empty=annotationProcessor,developmentOnly,dokkaPlugin,dokkaRuntime,testAndDevelopmentOnly,testAnnotationProcessor
